
Microsoft Visual Studio Solution File, Format Version 12.00
# Visual Studio 15
VisualStudioVersion = 15.0.28307.539
MinimumVisualStudioVersion = 10.0.40219.1
Project("{FAE04EC0-301F-11D3-BF4B-00C04F79EFBC}") = "Csharp", "Csharp\Csharp.csproj", "{3FD70168-96CF-453A-B63C-7B760BBF4455}"
EndProject
Global
	GlobalSection(SolutionConfigurationPlatforms) = preSolution
		Debug|Any CPU = Debug|Any CPU
		Release|Any CPU = Release|Any CPU
	EndGlobalSection
	GlobalSection(ProjectConfigurationPlatforms) = postSolution
		{3FD70168-96CF-453A-B63C-7B760BBF4455}.Debug|Any CPU.ActiveCfg = Debug|Any CPU
		{3FD70168-96CF-453A-B63C-7B760BBF4455}.Debug|Any CPU.Build.0 = Debug|Any CPU
		{3FD70168-96CF-453A-B63C-7B760BBF4455}.Release|Any CPU.ActiveCfg = Release|Any CPU
		{3FD70168-96CF-453A-B63C-7B760BBF4455}.Release|Any CPU.Build.0 = Release|Any CPU
	EndGlobalSection
	GlobalSection(SolutionProperties) = preSolution
		HideSolutionNode = FALSE
	EndGlobalSection
	GlobalSection(ExtensibilityGlobals) = postSolution
		SolutionGuid = {5CF7D3B8-BCFC-4C9B-9231-FF2687E2F919}
	EndGlobalSection
EndGlobal
